{
  "name": "@codenote-net/hello-cli",
  "version": "0.1.0",
  "lockfileVersion": 3,
  "requires": true,
  "packages": {
    "": {
      "name": "@codenote-net/hello-cli",
      "version": "0.1.0",
      "license": "MIT",
      "bin": {
        "codenote-hello": "bin/codenote-hello.js"
      },
      "engines": {
        "node": ">=22"
      }
    }
  }
}
